
Microsoft Visual Studio Solution File, Format Version 12.00
# Visual Studio Version 16
VisualStudioVersion = 16.0.30204.135
MinimumVisualStudioVersion = 10.0.40219.1
Project("{9A19103F-16F7-4668-BE54-9A1E7A4F7556}") = "SevenDiamonds", "SevenDiamonds\SevenDiamonds.csproj", "{EAC8AF03-8053-4E2F-9804-B8F1DB78121C}"
EndProject
Global
	GlobalSection(SolutionConfigurationPlatforms) = preSolution
		Debug|Any CPU = Debug|Any CPU
		Release|Any CPU = Release|Any CPU
	EndGlobalSection
	GlobalSection(ProjectConfigurationPlatforms) = postSolution
		{EAC8AF03-8053-4E2F-9804-B8F1DB78121C}.Debug|Any CPU.ActiveCfg = Debug|Any CPU
		{EAC8AF03-8053-4E2F-9804-B8F1DB78121C}.Debug|Any CPU.Build.0 = Debug|Any CPU
		{EAC8AF03-8053-4E2F-9804-B8F1DB78121C}.Release|Any CPU.ActiveCfg = Release|Any CPU
		{EAC8AF03-8053-4E2F-9804-B8F1DB78121C}.Release|Any CPU.Build.0 = Release|Any CPU
	EndGlobalSection
	GlobalSection(SolutionProperties) = preSolution
		HideSolutionNode = FALSE
	EndGlobalSection
	GlobalSection(ExtensibilityGlobals) = postSolution
		SolutionGuid = {BE1DB1A6-1F3C-45F0-987A-169A8748F7F4}
	EndGlobalSection
EndGlobal
